
Microsoft Visual Studio Solution File, Format Version 12.00
# Visual Studio Version 16
VisualStudioVersion = 16.0.31321.278
MinimumVisualStudioVersion = 10.0.40219.1
Project("{FAE04EC0-301F-11D3-BF4B-00C04F79EFBC}") = "Composite querries via SQLite", "Composite querries via SQLite.csproj", "{69B5C1DD-1D99-464E-B765-5B4926FEB044}"
EndProject
Global
	GlobalSection(SolutionConfigurationPlatforms) = preSolution
		Debug|Any CPU = Debug|Any CPU
		Release|Any CPU = Release|Any CPU
	EndGlobalSection
	GlobalSection(ProjectConfigurationPlatforms) = postSolution
		{69B5C1DD-1D99-464E-B765-5B4926FEB044}.Debug|Any CPU.ActiveCfg = Debug|Any CPU
		{69B5C1DD-1D99-464E-B765-5B4926FEB044}.Debug|Any CPU.Build.0 = Debug|Any CPU
		{69B5C1DD-1D99-464E-B765-5B4926FEB044}.Release|Any CPU.ActiveCfg = Release|Any CPU
		{69B5C1DD-1D99-464E-B765-5B4926FEB044}.Release|Any CPU.Build.0 = Release|Any CPU
	EndGlobalSection
	GlobalSection(SolutionProperties) = preSolution
		HideSolutionNode = FALSE
	EndGlobalSection
	GlobalSection(ExtensibilityGlobals) = postSolution
		SolutionGuid = {5145D1D1-12BF-4DEB-A34E-BE4396F6235C}
	EndGlobalSection
EndGlobal
